dependencies:
- name: common
  repository: https://rajch.github.io/helmcourse-exercises
  version: 0.1.1
- name: mysql
  repository: https://rajch.github.io/helmcourse-exercises
  version: 0.2.4
digest: sha256:f7173ac8aeb2da569605dbaa526a83d8dd617b66aa3361d9fc8694d89ccd557a
generated: "2022-08-01T20:14:01.12653535+05:30"
