dependencies:
- name: common
  repository: https://rajware.github.io/helmcourse-exercises
  version: 0.1.0
- name: mysql
  repository: https://rajware.github.io/helmcourse-exercises
  version: 0.2.2
digest: sha256:5ce69afc064d8e13461199b8369ee2a519eb1cd997f5eaacc11263bf3ebed0d9
generated: "2022-08-01T17:19:05.751496269+05:30"
