dependencies:
- name: common
  repository: https://rajware.github.io/helmcourse-exercises
  version: 0.1.0
- name: mysql
  repository: https://rajware.github.io/helmcourse-exercises
  version: 0.2.1
digest: sha256:5d85f88f1fd510ac35acc430eaa0315c15dbe6a7815644e0d6e6797a64df1001
generated: "2022-07-29T13:31:02.473959236+05:30"
